
Microsoft Visual Studio Solution File, Format Version 12.00
# Visual Studio Version 17
VisualStudioVersion = 17.0.32126.317
MinimumVisualStudioVersion = 10.0.40219.1
Project("{FAE04EC0-301F-11D3-BF4B-00C04F79EFBC}") = "Books", "Books\Books.csproj", "{BB935845-56D6-4398-9462-D8FBA433F168}"
EndProject
Project("{FAE04EC0-301F-11D3-BF4B-00C04F79EFBC}") = "Tests", "Tests\Tests.csproj", "{D7587CD9-9F0D-42B7-9A15-C8A4F45E5639}"
EndProject
Global
	GlobalSection(SolutionConfigurationPlatforms) = preSolution
		Debug|Any CPU = Debug|Any CPU
		Release|Any CPU = Release|Any CPU
	EndGlobalSection
	GlobalSection(ProjectConfigurationPlatforms) = postSolution
		{BB935845-56D6-4398-9462-D8FBA433F168}.Debug|Any CPU.ActiveCfg = Debug|Any CPU
		{BB935845-56D6-4398-9462-D8FBA433F168}.Debug|Any CPU.Build.0 = Debug|Any CPU
		{BB935845-56D6-4398-9462-D8FBA433F168}.Release|Any CPU.ActiveCfg = Release|Any CPU
		{BB935845-56D6-4398-9462-D8FBA433F168}.Release|Any CPU.Build.0 = Release|Any CPU
		{D7587CD9-9F0D-42B7-9A15-C8A4F45E5639}.Debug|Any CPU.ActiveCfg = Debug|Any CPU
		{D7587CD9-9F0D-42B7-9A15-C8A4F45E5639}.Debug|Any CPU.Build.0 = Debug|Any CPU
		{D7587CD9-9F0D-42B7-9A15-C8A4F45E5639}.Release|Any CPU.ActiveCfg = Release|Any CPU
		{D7587CD9-9F0D-42B7-9A15-C8A4F45E5639}.Release|Any CPU.Build.0 = Release|Any CPU
	EndGlobalSection
	GlobalSection(SolutionProperties) = preSolution
		HideSolutionNode = FALSE
	EndGlobalSection
	GlobalSection(ExtensibilityGlobals) = postSolution
		SolutionGuid = {6149A8D7-0F24-4C19-9C1F-520CCE418F82}
	EndGlobalSection
EndGlobal
